
Microsoft Visual Studio Solution File, Format Version 12.00
# Visual Studio Version 17
VisualStudioVersion = 17.14.36221.1 d17.14
MinimumVisualStudioVersion = 10.0.40219.1
Project("{FAE04EC0-301F-11D3-BF4B-00C04F79EFBC}") = "Module 4 Assignment", "Module 4 Assignment\Module 4 Assignment.csproj", "{8F068467-A57C-4770-8623-E203129F927F}"
EndProject
Global
	GlobalSection(SolutionConfigurationPlatforms) = preSolution
		Debug|Any CPU = Debug|Any CPU
		Release|Any CPU = Release|Any CPU
	EndGlobalSection
	GlobalSection(ProjectConfigurationPlatforms) = postSolution
		{8F068467-A57C-4770-8623-E203129F927F}.Debug|Any CPU.ActiveCfg = Debug|Any CPU
		{8F068467-A57C-4770-8623-E203129F927F}.Debug|Any CPU.Build.0 = Debug|Any CPU
		{8F068467-A57C-4770-8623-E203129F927F}.Release|Any CPU.ActiveCfg = Release|Any CPU
		{8F068467-A57C-4770-8623-E203129F927F}.Release|Any CPU.Build.0 = Release|Any CPU
	EndGlobalSection
	GlobalSection(SolutionProperties) = preSolution
		HideSolutionNode = FALSE
	EndGlobalSection
	GlobalSection(ExtensibilityGlobals) = postSolution
		SolutionGuid = {B20D4CE8-01C2-4D33-9D61-A5C6293D82CA}
	EndGlobalSection
EndGlobal
