
Microsoft Visual Studio Solution File, Format Version 12.00
# Visual Studio Version 17
VisualStudioVersion = 17.14.36221.1 d17.14
MinimumVisualStudioVersion = 10.0.40219.1
Project("{FAE04EC0-301F-11D3-BF4B-00C04F79EFBC}") = "Week 14 Assignment", "Week 14 Assignment\Week 14 Assignment.csproj", "{507851A3-BEB9-401F-8EB1-D2BF466687E1}"
EndProject
Global
	GlobalSection(SolutionConfigurationPlatforms) = preSolution
		Debug|Any CPU = Debug|Any CPU
		Release|Any CPU = Release|Any CPU
	EndGlobalSection
	GlobalSection(ProjectConfigurationPlatforms) = postSolution
		{507851A3-BEB9-401F-8EB1-D2BF466687E1}.Debug|Any CPU.ActiveCfg = Debug|Any CPU
		{507851A3-BEB9-401F-8EB1-D2BF466687E1}.Debug|Any CPU.Build.0 = Debug|Any CPU
		{507851A3-BEB9-401F-8EB1-D2BF466687E1}.Release|Any CPU.ActiveCfg = Release|Any CPU
		{507851A3-BEB9-401F-8EB1-D2BF466687E1}.Release|Any CPU.Build.0 = Release|Any CPU
	EndGlobalSection
	GlobalSection(SolutionProperties) = preSolution
		HideSolutionNode = FALSE
	EndGlobalSection
	GlobalSection(ExtensibilityGlobals) = postSolution
		SolutionGuid = {AC290E63-9BEC-4EF9-A671-8E223B8E6B44}
	EndGlobalSection
EndGlobal
